
Microsoft Visual Studio Solution File, Format Version 12.00
# Visual Studio Version 16
VisualStudioVersion = 16.0.33927.289
MinimumVisualStudioVersion = 10.0.40219.1
Project("{2150E333-8FDC-42A3-9474-1A3956D46DE8}") = "Task0", "Task0", "{AA4530DA-CDD3-4670-A428-1362D70B1947}"
EndProject
Project("{FAE04EC0-301F-11D3-BF4B-00C04F79EFBC}") = "Tyuiu.SavenkovaME.Sprint1.Task0.V19", "Tyuiu.SavenkovaME.Sprint1.Task0.V19\Tyuiu.SavenkovaME.Sprint1.Task0.V19.csproj", "{575F1AB3-051B-47FE-B499-4F99C0134F21}"
EndProject
Project("{FAE04EC0-301F-11D3-BF4B-00C04F79EFBC}") = "Tyuiu.SavenkovaME.Sprint1.Task0.V19.Lib", "Tyuiu.SavenkovaME.Sprint1.Task0.V19.Lib\Tyuiu.SavenkovaME.Sprint1.Task0.V19.Lib.csproj", "{D616DC0A-4DC3-4865-B880-68C8DAC29EEE}"
EndProject
Project("{FAE04EC0-301F-11D3-BF4B-00C04F79EFBC}") = "Tyuiu.SavenkovaME.Sprint1.Task0.V19.Test", "Tyuiu.SavenkovaME.Sprint1.Task0.V19.Test\Tyuiu.SavenkovaME.Sprint1.Task0.V19.Test.csproj", "{59BF72DB-5764-4108-B1AD-229B692C1FC7}"
EndProject
Project("{2150E333-8FDC-42A3-9474-1A3956D46DE8}") = "Task1", "Task1", "{C37B6996-02F5-4735-B996-2301BF3A35BA}"
EndProject
Project("{FAE04EC0-301F-11D3-BF4B-00C04F79EFBC}") = "Tyuiu.SavenkovaME.Sprint1.Task1.V6", "Tyuiu.SavenkovaME.Sprint1.Task1.V6\Tyuiu.SavenkovaME.Sprint1.Task1.V6.csproj", "{90D21038-418D-43D9-84BC-107469F83603}"
EndProject
Project("{FAE04EC0-301F-11D3-BF4B-00C04F79EFBC}") = "Tyuiu.SavenkovaME.Sprint1.Task1.V6.Lib", "Tyuiu.SavenkovaME.Sprint1.Task1.V6.Lib\Tyuiu.SavenkovaME.Sprint1.Task1.V6.Lib.csproj", "{0EEBAA4F-E963-4207-906C-827F1A0E2DD6}"
EndProject
Project("{FAE04EC0-301F-11D3-BF4B-00C04F79EFBC}") = "Tyuiu.SavenkovaME.Sprint1.Task1.V6.Test", "Tyuiu.SavenkovaME.Sprint1.Task1.V6.Test\Tyuiu.SavenkovaME.Sprint1.Task1.V6.Test.csproj", "{BEF06A08-7E18-4310-85F7-BD289F072F1A}"
EndProject
Project("{2150E333-8FDC-42A3-9474-1A3956D46DE8}") = "Task2", "Task2", "{5059526F-97D1-413F-9184-E8442B6CED27}"
EndProject
Project("{FAE04EC0-301F-11D3-BF4B-00C04F79EFBC}") = "Tyuiu.SavenkovaME.Sprint1.Task2.V13", "Tyuiu.SavenkovaMe.Sprint1.Task2.V13\Tyuiu.SavenkovaME.Sprint1.Task2.V13.csproj", "{58208444-D0BD-416D-B7AC-F6084D7F69D9}"
EndProject
Project("{FAE04EC0-301F-11D3-BF4B-00C04F79EFBC}") = "Tyuiu.SavenkovaME.Sprint1.Task2.V13.Lib", "Tyuiu.SavenkovaMe.Sprint1.Task2.V13.Lib\Tyuiu.SavenkovaME.Sprint1.Task2.V13.Lib.csproj", "{239BA6CF-BA08-4D93-B5BA-FCDF4364436C}"
EndProject
Project("{FAE04EC0-301F-11D3-BF4B-00C04F79EFBC}") = "Tyuiu.SavenkovaME.Sprint1.Task2.V13.Test", "Tyuiu.SavenkovaMe.Sprint1.Task2.V13.Test\Tyuiu.SavenkovaME.Sprint1.Task2.V13.Test.csproj", "{9CE4F589-124C-40ED-A0F2-BA90ADDD15D5}"
EndProject
Project("{2150E333-8FDC-42A3-9474-1A3956D46DE8}") = "Task3", "Task3", "{15208980-E458-4DF9-ACC5-4EBF165C43C4}"
EndProject
Project("{FAE04EC0-301F-11D3-BF4B-00C04F79EFBC}") = "Tyuiu.SavenkovaME.Sprint1.Task3.V13", "Tyuiu.SavenkovaME.Sprint1.Task3.V13\Tyuiu.SavenkovaME.Sprint1.Task3.V13.csproj", "{9856C65C-030D-47CF-8BB2-0A79EDBE8F7A}"
EndProject
Project("{FAE04EC0-301F-11D3-BF4B-00C04F79EFBC}") = "Tyuiu.SavenkovaME.Sprint1.Task3.V13.Lib", "Tyuiu.SavenkovaME.Sprint1.Task3.V13.Lib\Tyuiu.SavenkovaME.Sprint1.Task3.V13.Lib.csproj", "{FE2A7354-69C3-45F4-B3AC-60A36CF911E6}"
EndProject
Project("{FAE04EC0-301F-11D3-BF4B-00C04F79EFBC}") = "Tyuiu.SavenkovaME.Sprint1.Task3.V13.Test", "Tyuiu.SavenkovaME.Sprint1.Task3.V13.Test\Tyuiu.SavenkovaME.Sprint1.Task3.V13.Test.csproj", "{44249849-DD73-4DE2-8678-1773128C11B9}"
EndProject
Project("{2150E333-8FDC-42A3-9474-1A3956D46DE8}") = "Task4", "Task4", "{3C8652DB-EB20-409C-9300-00615718D7B6}"
EndProject
Project("{FAE04EC0-301F-11D3-BF4B-00C04F79EFBC}") = "Tyuiu.SavenkovaME.Sprint1.Task4.V5", "Tyuiu.SavenkovaME.Sprint1.Task4.V5\Tyuiu.SavenkovaME.Sprint1.Task4.V5.csproj", "{B9E826E2-8C36-4D47-88D4-5FBBB8B405D9}"
EndProject
Project("{FAE04EC0-301F-11D3-BF4B-00C04F79EFBC}") = "Tyuiu.SavenkovaME.Sprint1.Task4.V5.Lib", "Tyuiu.SavenkovaME.Sprint1.Task4.V5.Lib\Tyuiu.SavenkovaME.Sprint1.Task4.V5.Lib.csproj", "{FA30A2FE-75BF-416F-9E13-88ABAC23B8A5}"
EndProject
Project("{FAE04EC0-301F-11D3-BF4B-00C04F79EFBC}") = "Tyuiu.SavenkovaME.Sprint1.Task4.V5.Test", "Tyuiu.SavenkovaME.Sprint1.Task4.V5.Test\Tyuiu.SavenkovaME.Sprint1.Task4.V5.Test.csproj", "{CEDA4CA4-A83B-48FB-A586-14704FB47A48}"
EndProject
Project("{2150E333-8FDC-42A3-9474-1A3956D46DE8}") = "Task5", "Task5", "{81ED7D7E-5F38-4A7B-99F7-D5D242A5542A}"
EndProject
Project("{FAE04EC0-301F-11D3-BF4B-00C04F79EFBC}") = "Tyuiu.SavenkovaME.Sprint1.Task5.V4", "Tyuiu.SavenkovaME.Sprint1.Task5.V4\Tyuiu.SavenkovaME.Sprint1.Task5.V4.csproj", "{7FE2CA4D-97D7-4041-8838-4C2AA1896E86}"
EndProject
Project("{FAE04EC0-301F-11D3-BF4B-00C04F79EFBC}") = "Tyuiu.SavenkovaME.Sprint1.Task5.V4.Lib", "Tyuiu.SavenkovaME.Sprint1.Task5.V4.Lib\Tyuiu.SavenkovaME.Sprint1.Task5.V4.Lib.csproj", "{A434AA07-4298-46E2-8022-D9543AEE86E9}"
EndProject
Project("{FAE04EC0-301F-11D3-BF4B-00C04F79EFBC}") = "Tyuiu.SavenkovaME.Sprint1.Task5.V4.Test", "Tyuiu.SavenkovaME.Sprint1.Task5.V4.Test\Tyuiu.SavenkovaME.Sprint1.Task5.V4.Test.csproj", "{417303BA-C3E3-4AB0-AEF7-80EBB80F8D2C}"
EndProject
Global
	GlobalSection(SolutionConfigurationPlatforms) = preSolution
		Debug|Any CPU = Debug|Any CPU
		Release|Any CPU = Release|Any CPU
	EndGlobalSection
	GlobalSection(ProjectConfigurationPlatforms) = postSolution
		{575F1AB3-051B-47FE-B499-4F99C0134F21}.Debug|Any CPU.ActiveCfg = Debug|Any CPU
		{575F1AB3-051B-47FE-B499-4F99C0134F21}.Debug|Any CPU.Build.0 = Debug|Any CPU
		{575F1AB3-051B-47FE-B499-4F99C0134F21}.Release|Any CPU.ActiveCfg = Release|Any CPU
		{575F1AB3-051B-47FE-B499-4F99C0134F21}.Release|Any CPU.Build.0 = Release|Any CPU
		{D616DC0A-4DC3-4865-B880-68C8DAC29EEE}.Debug|Any CPU.ActiveCfg = Debug|Any CPU
		{D616DC0A-4DC3-4865-B880-68C8DAC29EEE}.Debug|Any CPU.Build.0 = Debug|Any CPU
		{D616DC0A-4DC3-4865-B880-68C8DAC29EEE}.Release|Any CPU.ActiveCfg = Release|Any CPU
		{D616DC0A-4DC3-4865-B880-68C8DAC29EEE}.Release|Any CPU.Build.0 = Release|Any CPU
		{59BF72DB-5764-4108-B1AD-229B692C1FC7}.Debug|Any CPU.ActiveCfg = Debug|Any CPU
		{59BF72DB-5764-4108-B1AD-229B692C1FC7}.Debug|Any CPU.Build.0 = Debug|Any CPU
		{59BF72DB-5764-4108-B1AD-229B692C1FC7}.Release|Any CPU.ActiveCfg = Release|Any CPU
		{59BF72DB-5764-4108-B1AD-229B692C1FC7}.Release|Any CPU.Build.0 = Release|Any CPU
		{90D21038-418D-43D9-84BC-107469F83603}.Debug|Any CPU.ActiveCfg = Debug|Any CPU
		{90D21038-418D-43D9-84BC-107469F83603}.Debug|Any CPU.Build.0 = Debug|Any CPU
		{90D21038-418D-43D9-84BC-107469F83603}.Release|Any CPU.ActiveCfg = Release|Any CPU
		{90D21038-418D-43D9-84BC-107469F83603}.Release|Any CPU.Build.0 = Release|Any CPU
		{0EEBAA4F-E963-4207-906C-827F1A0E2DD6}.Debug|Any CPU.ActiveCfg = Debug|Any CPU
		{0EEBAA4F-E963-4207-906C-827F1A0E2DD6}.Debug|Any CPU.Build.0 = Debug|Any CPU
		{0EEBAA4F-E963-4207-906C-827F1A0E2DD6}.Release|Any CPU.ActiveCfg = Release|Any CPU
		{0EEBAA4F-E963-4207-906C-827F1A0E2DD6}.Release|Any CPU.Build.0 = Release|Any CPU
		{BEF06A08-7E18-4310-85F7-BD289F072F1A}.Debug|Any CPU.ActiveCfg = Debug|Any CPU
		{BEF06A08-7E18-4310-85F7-BD289F072F1A}.Debug|Any CPU.Build.0 = Debug|Any CPU
		{BEF06A08-7E18-4310-85F7-BD289F072F1A}.Release|Any CPU.ActiveCfg = Release|Any CPU
		{BEF06A08-7E18-4310-85F7-BD289F072F1A}.Release|Any CPU.Build.0 = Release|Any CPU
		{58208444-D0BD-416D-B7AC-F6084D7F69D9}.Debug|Any CPU.ActiveCfg = Debug|Any CPU
		{58208444-D0BD-416D-B7AC-F6084D7F69D9}.Debug|Any CPU.Build.0 = Debug|Any CPU
		{58208444-D0BD-416D-B7AC-F6084D7F69D9}.Release|Any CPU.ActiveCfg = Release|Any CPU
		{58208444-D0BD-416D-B7AC-F6084D7F69D9}.Release|Any CPU.Build.0 = Release|Any CPU
		{239BA6CF-BA08-4D93-B5BA-FCDF4364436C}.Debug|Any CPU.ActiveCfg = Debug|Any CPU
		{239BA6CF-BA08-4D93-B5BA-FCDF4364436C}.Debug|Any CPU.Build.0 = Debug|Any CPU
		{239BA6CF-BA08-4D93-B5BA-FCDF4364436C}.Release|Any CPU.ActiveCfg = Release|Any CPU
		{239BA6CF-BA08-4D93-B5BA-FCDF4364436C}.Release|Any CPU.Build.0 = Release|Any CPU
		{9CE4F589-124C-40ED-A0F2-BA90ADDD15D5}.Debug|Any CPU.ActiveCfg = Debug|Any CPU
		{9CE4F589-124C-40ED-A0F2-BA90ADDD15D5}.Debug|Any CPU.Build.0 = Debug|Any CPU
		{9CE4F589-124C-40ED-A0F2-BA90ADDD15D5}.Release|Any CPU.ActiveCfg = Release|Any CPU
		{9CE4F589-124C-40ED-A0F2-BA90ADDD15D5}.Release|Any CPU.Build.0 = Release|Any CPU
		{9856C65C-030D-47CF-8BB2-0A79EDBE8F7A}.Debug|Any CPU.ActiveCfg = Debug|Any CPU
		{9856C65C-030D-47CF-8BB2-0A79EDBE8F7A}.Debug|Any CPU.Build.0 = Debug|Any CPU
		{9856C65C-030D-47CF-8BB2-0A79EDBE8F7A}.Release|Any CPU.ActiveCfg = Release|Any CPU
		{9856C65C-030D-47CF-8BB2-0A79EDBE8F7A}.Release|Any CPU.Build.0 = Release|Any CPU
		{FE2A7354-69C3-45F4-B3AC-60A36CF911E6}.Debug|Any CPU.ActiveCfg = Debug|Any CPU
		{FE2A7354-69C3-45F4-B3AC-60A36CF911E6}.Debug|Any CPU.Build.0 = Debug|Any CPU
		{FE2A7354-69C3-45F4-B3AC-60A36CF911E6}.Release|Any CPU.ActiveCfg = Release|Any CPU
		{FE2A7354-69C3-45F4-B3AC-60A36CF911E6}.Release|Any CPU.Build.0 = Release|Any CPU
		{44249849-DD73-4DE2-8678-1773128C11B9}.Debug|Any CPU.ActiveCfg = Debug|Any CPU
		{44249849-DD73-4DE2-8678-1773128C11B9}.Debug|Any CPU.Build.0 = Debug|Any CPU
		{44249849-DD73-4DE2-8678-1773128C11B9}.Release|Any CPU.ActiveCfg = Release|Any CPU
		{44249849-DD73-4DE2-8678-1773128C11B9}.Release|Any CPU.Build.0 = Release|Any CPU
		{B9E826E2-8C36-4D47-88D4-5FBBB8B405D9}.Debug|Any CPU.ActiveCfg = Debug|Any CPU
		{B9E826E2-8C36-4D47-88D4-5FBBB8B405D9}.Debug|Any CPU.Build.0 = Debug|Any CPU
		{B9E826E2-8C36-4D47-88D4-5FBBB8B405D9}.Release|Any CPU.ActiveCfg = Release|Any CPU
		{B9E826E2-8C36-4D47-88D4-5FBBB8B405D9}.Release|Any CPU.Build.0 = Release|Any CPU
		{FA30A2FE-75BF-416F-9E13-88ABAC23B8A5}.Debug|Any CPU.ActiveCfg = Debug|Any CPU
		{FA30A2FE-75BF-416F-9E13-88ABAC23B8A5}.Debug|Any CPU.Build.0 = Debug|Any CPU
		{FA30A2FE-75BF-416F-9E13-88ABAC23B8A5}.Release|Any CPU.ActiveCfg = Release|Any CPU
		{FA30A2FE-75BF-416F-9E13-88ABAC23B8A5}.Release|Any CPU.Build.0 = Release|Any CPU
		{CEDA4CA4-A83B-48FB-A586-14704FB47A48}.Debug|Any CPU.ActiveCfg = Debug|Any CPU
		{CEDA4CA4-A83B-48FB-A586-14704FB47A48}.Debug|Any CPU.Build.0 = Debug|Any CPU
		{CEDA4CA4-A83B-48FB-A586-14704FB47A48}.Release|Any CPU.ActiveCfg = Release|Any CPU
		{CEDA4CA4-A83B-48FB-A586-14704FB47A48}.Release|Any CPU.Build.0 = Release|Any CPU
		{7FE2CA4D-97D7-4041-8838-4C2AA1896E86}.Debug|Any CPU.ActiveCfg = Debug|Any CPU
		{7FE2CA4D-97D7-4041-8838-4C2AA1896E86}.Debug|Any CPU.Build.0 = Debug|Any CPU
		{7FE2CA4D-97D7-4041-8838-4C2AA1896E86}.Release|Any CPU.ActiveCfg = Release|Any CPU
		{7FE2CA4D-97D7-4041-8838-4C2AA1896E86}.Release|Any CPU.Build.0 = Release|Any CPU
		{A434AA07-4298-46E2-8022-D9543AEE86E9}.Debug|Any CPU.ActiveCfg = Debug|Any CPU
		{A434AA07-4298-46E2-8022-D9543AEE86E9}.Debug|Any CPU.Build.0 = Debug|Any CPU
		{A434AA07-4298-46E2-8022-D9543AEE86E9}.Release|Any CPU.ActiveCfg = Release|Any CPU
		{A434AA07-4298-46E2-8022-D9543AEE86E9}.Release|Any CPU.Build.0 = Release|Any CPU
		{417303BA-C3E3-4AB0-AEF7-80EBB80F8D2C}.Debug|Any CPU.ActiveCfg = Debug|Any CPU
		{417303BA-C3E3-4AB0-AEF7-80EBB80F8D2C}.Debug|Any CPU.Build.0 = Debug|Any CPU
		{417303BA-C3E3-4AB0-AEF7-80EBB80F8D2C}.Release|Any CPU.ActiveCfg = Release|Any CPU
		{417303BA-C3E3-4AB0-AEF7-80EBB80F8D2C}.Release|Any CPU.Build.0 = Release|Any CPU
	EndGlobalSection
	GlobalSection(SolutionProperties) = preSolution
		HideSolutionNode = FALSE
	EndGlobalSection
	GlobalSection(NestedProjects) = preSolution
		{575F1AB3-051B-47FE-B499-4F99C0134F21} = {AA4530DA-CDD3-4670-A428-1362D70B1947}
		{D616DC0A-4DC3-4865-B880-68C8DAC29EEE} = {AA4530DA-CDD3-4670-A428-1362D70B1947}
		{59BF72DB-5764-4108-B1AD-229B692C1FC7} = {AA4530DA-CDD3-4670-A428-1362D70B1947}
		{90D21038-418D-43D9-84BC-107469F83603} = {C37B6996-02F5-4735-B996-2301BF3A35BA}
		{0EEBAA4F-E963-4207-906C-827F1A0E2DD6} = {C37B6996-02F5-4735-B996-2301BF3A35BA}
		{BEF06A08-7E18-4310-85F7-BD289F072F1A} = {C37B6996-02F5-4735-B996-2301BF3A35BA}
		{58208444-D0BD-416D-B7AC-F6084D7F69D9} = {5059526F-97D1-413F-9184-E8442B6CED27}
		{239BA6CF-BA08-4D93-B5BA-FCDF4364436C} = {5059526F-97D1-413F-9184-E8442B6CED27}
		{9CE4F589-124C-40ED-A0F2-BA90ADDD15D5} = {5059526F-97D1-413F-9184-E8442B6CED27}
		{9856C65C-030D-47CF-8BB2-0A79EDBE8F7A} = {15208980-E458-4DF9-ACC5-4EBF165C43C4}
		{FE2A7354-69C3-45F4-B3AC-60A36CF911E6} = {15208980-E458-4DF9-ACC5-4EBF165C43C4}
		{44249849-DD73-4DE2-8678-1773128C11B9} = {15208980-E458-4DF9-ACC5-4EBF165C43C4}
		{B9E826E2-8C36-4D47-88D4-5FBBB8B405D9} = {3C8652DB-EB20-409C-9300-00615718D7B6}
		{FA30A2FE-75BF-416F-9E13-88ABAC23B8A5} = {3C8652DB-EB20-409C-9300-00615718D7B6}
		{CEDA4CA4-A83B-48FB-A586-14704FB47A48} = {3C8652DB-EB20-409C-9300-00615718D7B6}
		{7FE2CA4D-97D7-4041-8838-4C2AA1896E86} = {81ED7D7E-5F38-4A7B-99F7-D5D242A5542A}
		{A434AA07-4298-46E2-8022-D9543AEE86E9} = {81ED7D7E-5F38-4A7B-99F7-D5D242A5542A}
		{417303BA-C3E3-4AB0-AEF7-80EBB80F8D2C} = {81ED7D7E-5F38-4A7B-99F7-D5D242A5542A}
	EndGlobalSection
	GlobalSection(ExtensibilityGlobals) = postSolution
		SolutionGuid = {BF14D08A-4D9A-4455-BEF0-BBD6D1189CCD}
	EndGlobalSection
EndGlobal
